Microsoft Visual Studio Solution File, Format Version 12.00
# Visual Studio Version 17
VisualStudioVersion = 17.5.2.0
MinimumVisualStudioVersion = 10.0.40219.1
Project("{FAE04EC0-301F-11D3-BF4B-00C04F79EFBC}") = "BlazorTutorial1", "BlazorTutorial1.csproj", "{BE577D06-57C8-CEE7-0F1F-EBA1D402FEF5}"
EndProject
Global
	GlobalSection(SolutionConfigurationPlatforms) = preSolution
		Debug|Any CPU = Debug|Any CPU
		Release|Any CPU = Release|Any CPU
	EndGlobalSection
	GlobalSection(ProjectConfigurationPlatforms) = postSolution
		{BE577D06-57C8-CEE7-0F1F-EBA1D402FEF5}.Debug|Any CPU.ActiveCfg = Debug|Any CPU
		{BE577D06-57C8-CEE7-0F1F-EBA1D402FEF5}.Debug|Any CPU.Build.0 = Debug|Any CPU
		{BE577D06-57C8-CEE7-0F1F-EBA1D402FEF5}.Release|Any CPU.ActiveCfg = Release|Any CPU
		{BE577D06-57C8-CEE7-0F1F-EBA1D402FEF5}.Release|Any CPU.Build.0 = Release|Any CPU
	EndGlobalSection
	GlobalSection(SolutionProperties) = preSolution
		HideSolutionNode = FALSE
	EndGlobalSection
	GlobalSection(ExtensibilityGlobals) = postSolution
		SolutionGuid = {707B77C9-D89F-4107-BC73-090317378557}
	EndGlobalSection
EndGlobal
